// !$*UTF8*$!
{
	archiveVersion = 1;
	classes = {
	};
	objectVersion = 46;
	objects = {
/* Begin PBXBuildFile section */
		0207DA581B56EA530066E2B4 /* Images.xcassets in Resources */ = {isa = PBXBuildFile; fileRef = 0207DA571B56EA530066E2B4 /* Images.xcassets */; };
		1D3623260D0F684500981E51 /* AppDelegate.m in Sources */ = {isa = PBXBuildFile; fileRef = 1D3623250D0F684500981E51 /* AppDelegate.m */; };
		1D60589B0D05DD56006BFB54 /* main.m in Sources */ = {isa = PBXBuildFile; fileRef = 29B97316FDCFA39411CA2CEA /* main.m */; };
		301BF552109A68D80062928A /* libCordova.a in Frameworks */ = {isa = PBXBuildFile; fileRef = 301BF535109A57CC0062928A /* libCordova.a */; };
		302D95F114D2391D003F00A1 /* MainViewController.m in Sources */ = {isa = PBXBuildFile; fileRef = 302D95EF14D2391D003F00A1 /* MainViewController.m */; };
		302D95F214D2391D003F00A1 /* MainViewController.xib in Resources */ = {isa = PBXBuildFile; fileRef = 302D95F014D2391D003F00A1 /* MainViewController.xib */; };
		3047A5121AB8059700498E2A /* build-debug.xcconfig in Resources */ = {isa = PBXBuildFile; fileRef = 3047A50F1AB8059700498E2A /* build-debug.xcconfig */; };
		3047A5131AB8059700498E2A /* build-release.xcconfig in Resources */ = {isa = PBXBuildFile; fileRef = 3047A5101AB8059700498E2A /* build-release.xcconfig */; };
		3047A5141AB8059700498E2A /* build.xcconfig in Resources */ = {isa = PBXBuildFile; fileRef = 3047A5111AB8059700498E2A /* build.xcconfig */; };
		6AFF5BF91D6E424B00AB3073 /* CDVLaunchScreen.storyboard in Resources */ = {isa = PBXBuildFile; fileRef = 6AFF5BF81D6E424B00AB3073 /* CDVLaunchScreen.storyboard */; };
		843F67CE4A5846CF9A82D4FA /* CDVStatusBar.m in Sources */ = {isa = PBXBuildFile; fileRef = DB3DEEB56D5D4C5F9591F680 /* CDVStatusBar.m */; };
		9C2FFC982ABF44288285A68E /* CDVDevice.m in Sources */ = {isa = PBXBuildFile; fileRef = 23E43ACA1E5C4F6BAC7EE2AC /* CDVDevice.m */; };
		3E2ADD8DD93247F9BBF0812C /* CDVSplashScreen.m in Sources */ = {isa = PBXBuildFile; fileRef = 9E5766184FEE4611837CD868 /* CDVSplashScreen.m */; };
		4D3A5117F3414AABAA89A357 /* CDVViewController+SplashScreen.m in Sources */ = {isa = PBXBuildFile; fileRef = 8C89345714CD42F9AED621AA /* CDVViewController+SplashScreen.m */; };
		BF05CDEE0E0A42F79D25ABDD /* CDVWKWebViewEngine.m in Sources */ = {isa = PBXBuildFile; fileRef = EC2476BC18EC43E29A3A9BA5 /* CDVWKWebViewEngine.m */; };
		1EBF95C2852243B6A9D0C36A /* CDVWKWebViewUIDelegate.m in Sources */ = {isa = PBXBuildFile; fileRef = E4DCFE8892A748F89469279C /* CDVWKWebViewUIDelegate.m */; };
		4FB9678E8ED447D4BF356994 /* CDVWKProcessPoolFactory.m in Sources */ = {isa = PBXBuildFile; fileRef = C06D392CBAF942D1918F60C5 /* CDVWKProcessPoolFactory.m */; };
		3A4CCC56A7D7485899404ADE /* IONAssetHandler.m in Sources */ = {isa = PBXBuildFile; fileRef = A9BD3D2313144BDF92C46713 /* IONAssetHandler.m */; };
		4C304760D8A24EE1B678B57F /* GCDWebServer.m in Sources */ = {isa = PBXBuildFile; fileRef = 470BC294D24E4F9FAF5270CF /* GCDWebServer.m */; };
		68FF88EB09A44D50897F9133 /* GCDWebServerConnection.m in Sources */ = {isa = PBXBuildFile; fileRef = 71DACA18DE124E288B6D595C /* GCDWebServerConnection.m */; };
		B1DA33DF6BFA40C7AA55BF03 /* GCDWebServerFunctions.m in Sources */ = {isa = PBXBuildFile; fileRef = 01AE0E6F7C2A45959221591A /* GCDWebServerFunctions.m */; };
		69D2898B63FD44078181EE6F /* GCDWebServerRequest.m in Sources */ = {isa = PBXBuildFile; fileRef = 3C4ED0BEFDB347078EEED90C /* GCDWebServerRequest.m */; };
		1288078F9FD74E73AB3BCA22 /* GCDWebServerResponse.m in Sources */ = {isa = PBXBuildFile; fileRef = 9AB114B940EA44779B549988 /* GCDWebServerResponse.m */; };
		08DEBABFBEC041EA9433E85A /* GCDWebServerDataRequest.m in Sources */ = {isa = PBXBuildFile; fileRef = 2EB93148F9C74D5684B47DED /* GCDWebServerDataRequest.m */; };
		C02E0B111A90452797808D99 /* GCDWebServerFileRequest.m in Sources */ = {isa = PBXBuildFile; fileRef = 5547005AF1FD424281C9A399 /* GCDWebServerFileRequest.m */; };
		A94AEAD5D0E44E20B47A22F8 /* GCDWebServerMultiPartFormRequest.m in Sources */ = {isa = PBXBuildFile; fileRef = A394F5807B344A439E69A577 /* GCDWebServerMultiPartFormRequest.m */; };
		261011673E8F41DA802B5C45 /* GCDWebServerURLEncodedFormRequest.m in Sources */ = {isa = PBXBuildFile; fileRef = CF7CB9106AFA474A979C2BC0 /* GCDWebServerURLEncodedFormRequest.m */; };
		4C300FE36A5E47C9ABE74650 /* GCDWebServerDataResponse.m in Sources */ = {isa = PBXBuildFile; fileRef = 3A64FA6A21424B599A5D8EEA /* GCDWebServerDataResponse.m */; };
		84604B9FF90548B7823B0C98 /* GCDWebServerErrorResponse.m in Sources */ = {isa = PBXBuildFile; fileRef = 689BE52381DD46198F902D70 /* GCDWebServerErrorResponse.m */; };
		505EDEBD081642019DE9B4E1 /* GCDWebServerFileResponse.m in Sources */ = {isa = PBXBuildFile; fileRef = 4013683BB837413480CF6884 /* GCDWebServerFileResponse.m */; };
		1709F270A7C948ED8B4C4950 /* GCDWebServerStreamedResponse.m in Sources */ = {isa = PBXBuildFile; fileRef = 1CA4B0BCF932497C972843FA /* GCDWebServerStreamedResponse.m */; };
		80FA23E4594A45A98A1F075D /* WebKit.framework in Frameworks */ = {isa = PBXBuildFile; fileRef = 116DB2B89D3142BEB61E4EB9 /* WebKit.framework */; settings = {ATTRIBUTES = (Weak, ); }; };
		1946D440F80C4023A15BC3A9 /* libz.tbd in Frameworks */ = {isa = PBXBuildFile; fileRef = BD2C5A8B41F2414E8C09FE6E /* libz.tbd */; };
		531DBA6C03AA427F86512D50 /* CDVIonicKeyboard.m in Sources */ = {isa = PBXBuildFile; fileRef = 0F8AE06709B148C5879894F4 /* CDVIonicKeyboard.m */; };
		4EADD04A40D94E72BCE68F7E /* CDVFile.m in Sources */ = {isa = PBXBuildFile; fileRef = 3C157B82E76246A896CC2386 /* CDVFile.m */; };
		CBB4D979E6B74C9B81E5C11B /* CDVLocalFilesystem.m in Sources */ = {isa = PBXBuildFile; fileRef = 9DAFFB9D9F504E47B092587B /* CDVLocalFilesystem.m */; };
		1176F02DF1A647D2A9EE8E04 /* CDVAssetLibraryFilesystem.m in Sources */ = {isa = PBXBuildFile; fileRef = FBEB7E31BD3745AE93759029 /* CDVAssetLibraryFilesystem.m */; };
		9974374F32BC4B20BC1649FE /* CordovaHttpPlugin.m in Sources */ = {isa = PBXBuildFile; fileRef = D39EFF2EECD7498393C65DA9 /* CordovaHttpPlugin.m */; };
		1E872D9161BA4660AFAFCBA3 /* BinaryResponseSerializer.m in Sources */ = {isa = PBXBuildFile; fileRef = D13667867AD84EF5BC965E42 /* BinaryResponseSerializer.m */; };
		4487481EA7224A0696501B19 /* TextResponseSerializer.m in Sources */ = {isa = PBXBuildFile; fileRef = 57FC83A1A47846DC9F90DD21 /* TextResponseSerializer.m */; };
		EA9D00F3051E4E648687E870 /* TextRequestSerializer.m in Sources */ = {isa = PBXBuildFile; fileRef = FF7AD367706C4751BC55A84E /* TextRequestSerializer.m */; };
		A6D53462C641417F8506DB64 /* AFHTTPSessionManager.m in Sources */ = {isa = PBXBuildFile; fileRef = A55910D00D0C4EDD9970F75B /* AFHTTPSessionManager.m */; };
		0AFEAD2A9F6A47C784001D8E /* AFNetworkReachabilityManager.m in Sources */ = {isa = PBXBuildFile; fileRef = A2F65FE77B204D7C940F69FE /* AFNetworkReachabilityManager.m */; };
		2ABD8E1B387940B39C472F56 /* AFSecurityPolicy.m in Sources */ = {isa = PBXBuildFile; fileRef = AF98F91CFD414837AC86FF27 /* AFSecurityPolicy.m */; };
		7FACDE760B1B46A5AE3388D0 /* AFURLRequestSerialization.m in Sources */ = {isa = PBXBuildFile; fileRef = 110700062FCE4C25A65D3BA1 /* AFURLRequestSerialization.m */; };
		2618E09381754EAEB579F061 /* AFURLResponseSerialization.m in Sources */ = {isa = PBXBuildFile; fileRef = 741EDCD3A0314B9098D95ADD /* AFURLResponseSerialization.m */; };
		861B51C841E940AB94ED5858 /* AFURLSessionManager.m in Sources */ = {isa = PBXBuildFile; fileRef = 11C80FE5109F4F5D9667F15D /* AFURLSessionManager.m */; };
		0CA4450624BA48B2A201E4BA /* SDNetworkActivityIndicator.m in Sources */ = {isa = PBXBuildFile; fileRef = 6FBFF41E40FB40A38E4DF58B /* SDNetworkActivityIndicator.m */; };
		F7A470B598B84A6EA4A0EB6D /* Security.framework in Frameworks */ = {isa = PBXBuildFile; fileRef = 1642269B81734691BA9A7BCE /* Security.framework */; };
		92F0EE19B592412D9DBAAB18 /* SystemConfiguration.framework in Frameworks */ = {isa = PBXBuildFile; fileRef = 2F6C2A6A6D7247B188C75B98 /* SystemConfiguration.framework */; };
/* End PBXBuildFile section */

/* Begin PBXContainerItemProxy section */
		301BF534109A57CC0062928A /* PBXContainerItemProxy */ = {
			isa = PBXContainerItemProxy;
			containerPortal = 301BF52D109A57CC0062928A /* CordovaLib.xcodeproj */;
			proxyType = 2;
			remoteGlobalIDString = D2AAC07E0554694100DB518D;
			remoteInfo = CordovaLib;
		};
		301BF550109A68C00062928A /* PBXContainerItemProxy */ = {
			isa = PBXContainerItemProxy;
			containerPortal = 301BF52D109A57CC0062928A /* CordovaLib.xcodeproj */;
			proxyType = 1;
			remoteGlobalIDString = D2AAC07D0554694100DB518D;
			remoteInfo = CordovaLib;
		};
/* End PBXContainerItemProxy section */

/* Begin PBXFileReference section */
		0207DA571B56EA530066E2B4 /* Images.xcassets */ = {isa = PBXFileReference; lastKnownFileType = folder.assetcatalog; name = Images.xcassets; path = "Ionic 4 Start Theme/Images.xcassets"; sourceTree = SOURCE_ROOT; };
		1D3623240D0F684500981E51 /* AppDelegate.h */ = {isa = PBXFileReference; fileEncoding = 4; lastKnownFileType = sourcecode.c.h; path = AppDelegate.h; sourceTree = "<group>"; };
		1D3623250D0F684500981E51 /* AppDelegate.m */ = {isa = PBXFileReference; fileEncoding = 4; lastKnownFileType = sourcecode.c.objc; path = AppDelegate.m; sourceTree = "<group>"; };
		1D6058910D05DD3D006BFB54 /* Ionic 4 Start Theme.app */ = {isa = PBXFileReference; explicitFileType = wrapper.application; includeInIndex = 0; path = "Ionic 4 Start Theme.app"; sourceTree = BUILT_PRODUCTS_DIR; };
		29B97316FDCFA39411CA2CEA /* main.m */ = {isa = PBXFileReference; fileEncoding = 4; lastKnownFileType = sourcecode.c.objc; path = main.m; sourceTree = "<group>"; };
		301BF52D109A57CC0062928A /* CordovaLib.xcodeproj */ = {isa = PBXFileReference; lastKnownFileType = "wrapper.pb-project"; name = CordovaLib.xcodeproj; path = CordovaLib/CordovaLib.xcodeproj; sourceTree = "<group>"; };
		301BF56E109A69640062928A /* www */ = {isa = PBXFileReference; lastKnownFileType = folder; path = www; sourceTree = SOURCE_ROOT; };
		302D95EE14D2391D003F00A1 /* MainViewController.h */ = {isa = PBXFileReference; fileEncoding = 4; lastKnownFileType = sourcecode.c.h; path = MainViewController.h; sourceTree = "<group>"; };
		302D95EF14D2391D003F00A1 /* MainViewController.m */ = {isa = PBXFileReference; fileEncoding = 4; lastKnownFileType = sourcecode.c.objc; path = MainViewController.m; sourceTree = "<group>"; };
		302D95F014D2391D003F00A1 /* MainViewController.xib */ = {isa = PBXFileReference; fileEncoding = 4; lastKnownFileType = file.xib; path = MainViewController.xib; sourceTree = "<group>"; };
		3047A50F1AB8059700498E2A /* build-debug.xcconfig */ = {isa = PBXFileReference; fileEncoding = 4; lastKnownFileType = text.xcconfig; name = "build-debug.xcconfig"; path = cordova/build-debug.xcconfig; sourceTree = SOURCE_ROOT; };
		3047A5101AB8059700498E2A /* build-release.xcconfig */ = {isa = PBXFileReference; fileEncoding = 4; lastKnownFileType = text.xcconfig; name = "build-release.xcconfig"; path = cordova/build-release.xcconfig; sourceTree = SOURCE_ROOT; };
		3047A5111AB8059700498E2A /* build.xcconfig */ = {isa = PBXFileReference; fileEncoding = 4; lastKnownFileType = text.xcconfig; name = build.xcconfig; path = cordova/build.xcconfig; sourceTree = SOURCE_ROOT; };
		32CA4F630368D1EE00C91783 /* Ionic 4 Start Theme-Prefix.pch */ = {isa = PBXFileReference; fileEncoding = 4; lastKnownFileType = sourcecode.c.h; path = "Ionic 4 Start Theme-Prefix.pch"; sourceTree = "<group>"; };
		6AFF5BF81D6E424B00AB3073 /* CDVLaunchScreen.storyboard */ = {isa = PBXFileReference; fileEncoding = 4; lastKnownFileType = file.storyboard; name = CDVLaunchScreen.storyboard; path = "Ionic 4 Start Theme/CDVLaunchScreen.storyboard"; sourceTree = SOURCE_ROOT; };
		8D1107310486CEB800E47090 /* Ionic 4 Start Theme-Info.plist */ = {isa = PBXFileReference; fileEncoding = 4; lastKnownFileType = text.plist.xml; name = "Ionic 4 Start Theme-Info.plist"; path = "Ionic 4 Start Theme/Ionic 4 Start Theme-Info.plist"; plistStructureDefinitionIdentifier = "com.apple.xcode.plist.structure-definition.iphone.info-plist"; sourceTree = SOURCE_ROOT; };
		EB87FDF31871DA8E0020F90C /* www */ = {isa = PBXFileReference; lastKnownFileType = folder; name = www; path = ../../www; sourceTree = "<group>"; };
		EB87FDF41871DAF40020F90C /* config.xml */ = {isa = PBXFileReference; lastKnownFileType = text.xml; name = config.xml; path = ../../config.xml; sourceTree = "<group>"; };
		F840E1F0165FE0F500CFE078 /* config.xml */ = {isa = PBXFileReference; lastKnownFileType = text.xml; name = config.xml; path = "Ionic 4 Start Theme/config.xml"; sourceTree = "<group>"; };
		ED33DF2A687741AEAF9F8254 /* Bridging-Header.h */ = {isa = PBXFileReference; fileEncoding = 4; lastKnownFileType = sourcecode.c.h; name = "Bridging-Header.h"; path = "Bridging-Header.h"; sourceTree = "<group>"; };
		DB3DEEB56D5D4C5F9591F680 /* CDVStatusBar.m */ = {isa = PBXFileReference; name = "CDVStatusBar.m"; path = "cordova-plugin-statusbar/CDVStatusBar.m"; sourceTree = "<group>"; fileEncoding = 4; lastKnownFileType = sourcecode.c.objc; explicitFileType = undefined; includeInIndex = 0; };
		9BEC03DE450B497BBE3930FC /* CDVStatusBar.h */ = {isa = PBXFileReference; name = "CDVStatusBar.h"; path = "cordova-plugin-statusbar/CDVStatusBar.h"; sourceTree = "<group>"; fileEncoding = 4; lastKnownFileType = sourcecode.c.h; explicitFileType = undefined; includeInIndex = 0; };
		23E43ACA1E5C4F6BAC7EE2AC /* CDVDevice.m */ = {isa = PBXFileReference; name = "CDVDevice.m"; path = "cordova-plugin-device/CDVDevice.m"; sourceTree = "<group>"; fileEncoding = 4; lastKnownFileType = sourcecode.c.objc; explicitFileType = undefined; includeInIndex = 0; };
		6C8C3CB152AC443DA5004F6F /* CDVDevice.h */ = {isa = PBXFileReference; name = "CDVDevice.h"; path = "cordova-plugin-device/CDVDevice.h"; sourceTree = "<group>"; fileEncoding = 4; lastKnownFileType = sourcecode.c.h; explicitFileType = undefined; includeInIndex = 0; };
		9E5766184FEE4611837CD868 /* CDVSplashScreen.m */ = {isa = PBXFileReference; name = "CDVSplashScreen.m"; path = "cordova-plugin-splashscreen/CDVSplashScreen.m"; sourceTree = "<group>"; fileEncoding = 4; lastKnownFileType = sourcecode.c.objc; explicitFileType = undefined; includeInIndex = 0; };
		8C89345714CD42F9AED621AA /* CDVViewController+SplashScreen.m */ = {isa = PBXFileReference; name = "CDVViewController+SplashScreen.m"; path = "cordova-plugin-splashscreen/CDVViewController+SplashScreen.m"; sourceTree = "<group>"; fileEncoding = 4; lastKnownFileType = sourcecode.c.objc; explicitFileType = undefined; includeInIndex = 0; };
		B5B2E183A2C54E80837ABB8D /* CDVSplashScreen.h */ = {isa = PBXFileReference; name = "CDVSplashScreen.h"; path = "cordova-plugin-splashscreen/CDVSplashScreen.h"; sourceTree = "<group>"; fileEncoding = 4; lastKnownFileType = sourcecode.c.h; explicitFileType = undefined; includeInIndex = 0; };
		33C63E2154874862AA07922E /* CDVViewController+SplashScreen.h */ = {isa = PBXFileReference; name = "CDVViewController+SplashScreen.h"; path = "cordova-plugin-splashscreen/CDVViewController+SplashScreen.h"; sourceTree = "<group>"; fileEncoding = 4; lastKnownFileType = sourcecode.c.h; explicitFileType = undefined; includeInIndex = 0; };
		EC2476BC18EC43E29A3A9BA5 /* CDVWKWebViewEngine.m */ = {isa = PBXFileReference; name = "CDVWKWebViewEngine.m"; path = "cordova-plugin-ionic-webview/CDVWKWebViewEngine.m"; sourceTree = "<group>"; fileEncoding = 4; lastKnownFileType = sourcecode.c.objc; explicitFileType = undefined; includeInIndex = 0; };
		E4DCFE8892A748F89469279C /* CDVWKWebViewUIDelegate.m */ = {isa = PBXFileReference; name = "CDVWKWebViewUIDelegate.m"; path = "cordova-plugin-ionic-webview/CDVWKWebViewUIDelegate.m"; sourceTree = "<group>"; fileEncoding = 4; lastKnownFileType = sourcecode.c.objc; explicitFileType = undefined; includeInIndex = 0; };
		C06D392CBAF942D1918F60C5 /* CDVWKProcessPoolFactory.m */ = {isa = PBXFileReference; name = "CDVWKProcessPoolFactory.m"; path = "cordova-plugin-ionic-webview/CDVWKProcessPoolFactory.m"; sourceTree = "<group>"; fileEncoding = 4; lastKnownFileType = sourcecode.c.objc; explicitFileType = undefined; includeInIndex = 0; };
		A9BD3D2313144BDF92C46713 /* IONAssetHandler.m */ = {isa = PBXFileReference; name = "IONAssetHandler.m"; path = "cordova-plugin-ionic-webview/IONAssetHandler.m"; sourceTree = "<group>"; fileEncoding = 4; lastKnownFileType = sourcecode.c.objc; explicitFileType = undefined; includeInIndex = 0; };
		470BC294D24E4F9FAF5270CF /* GCDWebServer.m */ = {isa = PBXFileReference; name = "GCDWebServer.m"; path = "cordova-plugin-ionic-webview/GCDWebServer.m"; sourceTree = "<group>"; fileEncoding = 4; lastKnownFileType = sourcecode.c.objc; explicitFileType = undefined; includeInIndex = 0; };
		71DACA18DE124E288B6D595C /* GCDWebServerConnection.m */ = {isa = PBXFileReference; name = "GCDWebServerConnection.m"; path = "cordova-plugin-ionic-webview/GCDWebServerConnection.m"; sourceTree = "<group>"; fileEncoding = 4; lastKnownFileType = sourcecode.c.objc; explicitFileType = undefined; includeInIndex = 0; };
		01AE0E6F7C2A45959221591A /* GCDWebServerFunctions.m */ = {isa = PBXFileReference; name = "GCDWebServerFunctions.m"; path = "cordova-plugin-ionic-webview/GCDWebServerFunctions.m"; sourceTree = "<group>"; fileEncoding = 4; lastKnownFileType = sourcecode.c.objc; explicitFileType = undefined; includeInIndex = 0; };
		3C4ED0BEFDB347078EEED90C /* GCDWebServerRequest.m */ = {isa = PBXFileReference; name = "GCDWebServerRequest.m"; path = "cordova-plugin-ionic-webview/GCDWebServerRequest.m"; sourceTree = "<group>"; fileEncoding = 4; lastKnownFileType = sourcecode.c.objc; explicitFileType = undefined; includeInIndex = 0; };
		9AB114B940EA44779B549988 /* GCDWebServerResponse.m */ = {isa = PBXFileReference; name = "GCDWebServerResponse.m"; path = "cordova-plugin-ionic-webview/GCDWebServerResponse.m"; sourceTree = "<group>"; fileEncoding = 4; lastKnownFileType = sourcecode.c.objc; explicitFileType = undefined; includeInIndex = 0; };
		2EB93148F9C74D5684B47DED /* GCDWebServerDataRequest.m */ = {isa = PBXFileReference; name = "GCDWebServerDataRequest.m"; path = "cordova-plugin-ionic-webview/GCDWebServerDataRequest.m"; sourceTree = "<group>"; fileEncoding = 4; lastKnownFileType = sourcecode.c.objc; explicitFileType = undefined; includeInIndex = 0; };
		5547005AF1FD424281C9A399 /* GCDWebServerFileRequest.m */ = {isa = PBXFileReference; name = "GCDWebServerFileRequest.m"; path = "cordova-plugin-ionic-webview/GCDWebServerFileRequest.m"; sourceTree = "<group>"; fileEncoding = 4; lastKnownFileType = sourcecode.c.objc; explicitFileType = undefined; includeInIndex = 0; };
		A394F5807B344A439E69A577 /* GCDWebServerMultiPartFormRequest.m */ = {isa = PBXFileReference; name = "GCDWebServerMultiPartFormRequest.m"; path = "cordova-plugin-ionic-webview/GCDWebServerMultiPartFormRequest.m"; sourceTree = "<group>"; fileEncoding = 4; lastKnownFileType = sourcecode.c.objc; explicitFileType = undefined; includeInIndex = 0; };
		CF7CB9106AFA474A979C2BC0 /* GCDWebServerURLEncodedFormRequest.m */ = {isa = PBXFileReference; name = "GCDWebServerURLEncodedFormRequest.m"; path = "cordova-plugin-ionic-webview/GCDWebServerURLEncodedFormRequest.m"; sourceTree = "<group>"; fileEncoding = 4; lastKnownFileType = sourcecode.c.objc; explicitFileType = undefined; includeInIndex = 0; };
		3A64FA6A21424B599A5D8EEA /* GCDWebServerDataResponse.m */ = {isa = PBXFileReference; name = "GCDWebServerDataResponse.m"; path = "cordova-plugin-ionic-webview/GCDWebServerDataResponse.m"; sourceTree = "<group>"; fileEncoding = 4; lastKnownFileType = sourcecode.c.objc; explicitFileType = undefined; includeInIndex = 0; };
		689BE52381DD46198F902D70 /* GCDWebServerErrorResponse.m */ = {isa = PBXFileReference; name = "GCDWebServerErrorResponse.m"; path = "cordova-plugin-ionic-webview/GCDWebServerErrorResponse.m"; sourceTree = "<group>"; fileEncoding = 4; lastKnownFileType = sourcecode.c.objc; explicitFileType = undefined; includeInIndex = 0; };
		4013683BB837413480CF6884 /* GCDWebServerFileResponse.m */ = {isa = PBXFileReference; name = "GCDWebServerFileResponse.m"; path = "cordova-plugin-ionic-webview/GCDWebServerFileResponse.m"; sourceTree = "<group>"; fileEncoding = 4; lastKnownFileType = sourcecode.c.objc; explicitFileType = undefined; includeInIndex = 0; };
		1CA4B0BCF932497C972843FA /* GCDWebServerStreamedResponse.m */ = {isa = PBXFileReference; name = "GCDWebServerStreamedResponse.m"; path = "cordova-plugin-ionic-webview/GCDWebServerStreamedResponse.m"; sourceTree = "<group>"; fileEncoding = 4; lastKnownFileType = sourcecode.c.objc; explicitFileType = undefined; includeInIndex = 0; };
		1C09CCCBB6F2458498999EAE /* CDVWKWebViewEngine.h */ = {isa = PBXFileReference; name = "CDVWKWebViewEngine.h"; path = "cordova-plugin-ionic-webview/CDVWKWebViewEngine.h"; sourceTree = "<group>"; fileEncoding = 4; lastKnownFileType = sourcecode.c.h; explicitFileType = undefined; includeInIndex = 0; };
		507A248A82A143E5952387F1 /* CDVWKWebViewUIDelegate.h */ = {isa = PBXFileReference; name = "CDVWKWebViewUIDelegate.h"; path = "cordova-plugin-ionic-webview/CDVWKWebViewUIDelegate.h"; sourceTree = "<group>"; fileEncoding = 4; lastKnownFileType = sourcecode.c.h; explicitFileType = undefined; includeInIndex = 0; };
		BC1A808A792445FAA23E813A /* CDVWKProcessPoolFactory.h */ = {isa = PBXFileReference; name = "CDVWKProcessPoolFactory.h"; path = "cordova-plugin-ionic-webview/CDVWKProcessPoolFactory.h"; sourceTree = "<group>"; fileEncoding = 4; lastKnownFileType = sourcecode.c.h; explicitFileType = undefined; includeInIndex = 0; };
		A48E52457301475FA5AE5B18 /* IONAssetHandler.h */ = {isa = PBXFileReference; name = "IONAssetHandler.h"; path = "cordova-plugin-ionic-webview/IONAssetHandler.h"; sourceTree = "<group>"; fileEncoding = 4; lastKnownFileType = sourcecode.c.h; explicitFileType = undefined; includeInIndex = 0; };
		91FC05555BD049F6A1A1C63D /* GCDWebServer.h */ = {isa = PBXFileReference; name = "GCDWebServer.h"; path = "cordova-plugin-ionic-webview/GCDWebServer.h"; sourceTree = "<group>"; fileEncoding = 4; lastKnownFileType = sourcecode.c.h; explicitFileType = undefined; includeInIndex = 0; };
		FD1CAE5EDF734A98B743BD0C /* GCDWebServerConnection.h */ = {isa = PBXFileReference; name = "GCDWebServerConnection.h"; path = "cordova-plugin-ionic-webview/GCDWebServerConnection.h"; sourceTree = "<group>"; fileEncoding = 4; lastKnownFileType = sourcecode.c.h; explicitFileType = undefined; includeInIndex = 0; };
		EBF0DB479C9E4BA4979F207A /* GCDWebServerFunctions.h */ = {isa = PBXFileReference; name = "GCDWebServerFunctions.h"; path = "cordova-plugin-ionic-webview/GCDWebServerFunctions.h"; sourceTree = "<group>"; fileEncoding = 4; lastKnownFileType = sourcecode.c.h; explicitFileType = undefined; includeInIndex = 0; };
		E1B1C55B43B6493094EA5D3B /* GCDWebServerHTTPStatusCodes.h */ = {isa = PBXFileReference; name = "GCDWebServerHTTPStatusCodes.h"; path = "cordova-plugin-ionic-webview/GCDWebServerHTTPStatusCodes.h"; sourceTree = "<group>"; fileEncoding = 4; lastKnownFileType = sourcecode.c.h; explicitFileType = undefined; includeInIndex = 0; };
		688351152A1440D8949923DF /* GCDWebServerPrivate.h */ = {isa = PBXFileReference; name = "GCDWebServerPrivate.h"; path = "cordova-plugin-ionic-webview/GCDWebServerPrivate.h"; sourceTree = "<group>"; fileEncoding = 4; lastKnownFileType = sourcecode.c.h; explicitFileType = undefined; includeInIndex = 0; };
		E39004604C03458F90B2C552 /* GCDWebServerRequest.h */ = {isa = PBXFileReference; name = "GCDWebServerRequest.h"; path = "cordova-plugin-ionic-webview/GCDWebServerRequest.h"; sourceTree = "<group>"; fileEncoding = 4; lastKnownFileType = sourcecode.c.h; explicitFileType = undefined; includeInIndex = 0; };
		B1435D6B58344621BF22F40A /* GCDWebServerResponse.h */ = {isa = PBXFileReference; name = "GCDWebServerResponse.h"; path = "cordova-plugin-ionic-webview/GCDWebServerResponse.h"; sourceTree = "<group>"; fileEncoding = 4; lastKnownFileType = sourcecode.c.h; explicitFileType = undefined; includeInIndex = 0; };
		D81F7E2144334947A8CC42F4 /* GCDWebServerDataRequest.h */ = {isa = PBXFileReference; name = "GCDWebServerDataRequest.h"; path = "cordova-plugin-ionic-webview/GCDWebServerDataRequest.h"; sourceTree = "<group>"; fileEncoding = 4; lastKnownFileType = sourcecode.c.h; explicitFileType = undefined; includeInIndex = 0; };
		A3ECBDDC5B7944C78DD471FF /* GCDWebServerFileRequest.h */ = {isa = PBXFileReference; name = "GCDWebServerFileRequest.h"; path = "cordova-plugin-ionic-webview/GCDWebServerFileRequest.h"; sourceTree = "<group>"; fileEncoding = 4; lastKnownFileType = sourcecode.c.h; explicitFileType = undefined; includeInIndex = 0; };
		96B8BFC649C44D188ECCF62F /* GCDWebServerMultiPartFormRequest.h */ = {isa = PBXFileReference; name = "GCDWebServerMultiPartFormRequest.h"; path = "cordova-plugin-ionic-webview/GCDWebServerMultiPartFormRequest.h"; sourceTree = "<group>"; fileEncoding = 4; lastKnownFileType = sourcecode.c.h; explicitFileType = undefined; includeInIndex = 0; };
		FF9BFB3B07D44DF3A5EA629F /* GCDWebServerURLEncodedFormRequest.h */ = {isa = PBXFileReference; name = "GCDWebServerURLEncodedFormRequest.h"; path = "cordova-plugin-ionic-webview/GCDWebServerURLEncodedFormRequest.h"; sourceTree = "<group>"; fileEncoding = 4; lastKnownFileType = sourcecode.c.h; explicitFileType = undefined; includeInIndex = 0; };
		9ED7A334C9294CD4944A352B /* GCDWebServerDataResponse.h */ = {isa = PBXFileReference; name = "GCDWebServerDataResponse.h"; path = "cordova-plugin-ionic-webview/GCDWebServerDataResponse.h"; sourceTree = "<group>"; fileEncoding = 4; lastKnownFileType = sourcecode.c.h; explicitFileType = undefined; includeInIndex = 0; };
		14F8ADBEB964495A82241606 /* GCDWebServerErrorResponse.h */ = {isa = PBXFileReference; name = "GCDWebServerErrorResponse.h"; path = "cordova-plugin-ionic-webview/GCDWebServerErrorResponse.h"; sourceTree = "<group>"; fileEncoding = 4; lastKnownFileType = sourcecode.c.h; explicitFileType = undefined; includeInIndex = 0; };
		978B50B571B345539390989D /* GCDWebServerFileResponse.h */ = {isa = PBXFileReference; name = "GCDWebServerFileResponse.h"; path = "cordova-plugin-ionic-webview/GCDWebServerFileResponse.h"; sourceTree = "<group>"; fileEncoding = 4; lastKnownFileType = sourcecode.c.h; explicitFileType = undefined; includeInIndex = 0; };
		49729E9A4AD040CFB1C88B98 /* GCDWebServerStreamedResponse.h */ = {isa = PBXFileReference; name = "GCDWebServerStreamedResponse.h"; path = "cordova-plugin-ionic-webview/GCDWebServerStreamedResponse.h"; sourceTree = "<group>"; fileEncoding = 4; lastKnownFileType = sourcecode.c.h; explicitFileType = undefined; includeInIndex = 0; };
		116DB2B89D3142BEB61E4EB9 /* WebKit.framework */ = {isa = PBXFileReference; name = "WebKit.framework"; path = "System/Library/Frameworks/WebKit.framework"; sourceTree = SDKROOT; fileEncoding = undefined; lastKnownFileType = wrapper.framework; explicitFileType = undefined; includeInIndex = 0; };
		BD2C5A8B41F2414E8C09FE6E /* libz.tbd */ = {isa = PBXFileReference; name = "libz.tbd"; path = "usr/lib/libz.tbd"; sourceTree = SDKROOT; fileEncoding = undefined; lastKnownFileType = sourcecode.text-based-dylib-definition; explicitFileType = undefined; includeInIndex = 0; };
		0F8AE06709B148C5879894F4 /* CDVIonicKeyboard.m */ = {isa = PBXFileReference; name = "CDVIonicKeyboard.m"; path = "cordova-plugin-ionic-keyboard/CDVIonicKeyboard.m"; sourceTree = "<group>"; fileEncoding = 4; lastKnownFileType = sourcecode.c.objc; explicitFileType = undefined; includeInIndex = 0; };
		65BC01CFABAB4F14AC1C9055 /* CDVIonicKeyboard.h */ = {isa = PBXFileReference; name = "CDVIonicKeyboard.h"; path = "cordova-plugin-ionic-keyboard/CDVIonicKeyboard.h"; sourceTree = "<group>"; fileEncoding = 4; lastKnownFileType = sourcecode.c.h; explicitFileType = undefined; includeInIndex = 0; };
		3C157B82E76246A896CC2386 /* CDVFile.m */ = {isa = PBXFileReference; name = "CDVFile.m"; path = "cordova-plugin-file/CDVFile.m"; sourceTree = "<group>"; fileEncoding = 4; lastKnownFileType = sourcecode.c.objc; explicitFileType = undefined; includeInIndex = 0; };
		9DAFFB9D9F504E47B092587B /* CDVLocalFilesystem.m */ = {isa = PBXFileReference; name = "CDVLocalFilesystem.m"; path = "cordova-plugin-file/CDVLocalFilesystem.m"; sourceTree = "<group>"; fileEncoding = 4; lastKnownFileType = sourcecode.c.objc; explicitFileType = undefined; includeInIndex = 0; };
		FBEB7E31BD3745AE93759029 /* CDVAssetLibraryFilesystem.m */ = {isa = PBXFileReference; name = "CDVAssetLibraryFilesystem.m"; path = "cordova-plugin-file/CDVAssetLibraryFilesystem.m"; sourceTree = "<group>"; fileEncoding = 4; lastKnownFileType = sourcecode.c.objc; explicitFileType = undefined; includeInIndex = 0; };
		A88C950CCFCF4AE98C99883F /* CDVFile.h */ = {isa = PBXFileReference; name = "CDVFile.h"; path = "cordova-plugin-file/CDVFile.h"; sourceTree = "<group>"; fileEncoding = 4; lastKnownFileType = sourcecode.c.h; explicitFileType = undefined; includeInIndex = 0; };
		FB42526E5C914D3188C5FCC7 /* CDVLocalFilesystem.h */ = {isa = PBXFileReference; name = "CDVLocalFilesystem.h"; path = "cordova-plugin-file/CDVLocalFilesystem.h"; sourceTree = "<group>"; fileEncoding = 4; lastKnownFileType = sourcecode.c.h; explicitFileType = undefined; includeInIndex = 0; };
		E634BB8E3B304E269F382802 /* CDVAssetLibraryFilesystem.h */ = {isa = PBXFileReference; name = "CDVAssetLibraryFilesystem.h"; path = "cordova-plugin-file/CDVAssetLibraryFilesystem.h"; sourceTree = "<group>"; fileEncoding = 4; lastKnownFileType = sourcecode.c.h; explicitFileType = undefined; includeInIndex = 0; };
		D39EFF2EECD7498393C65DA9 /* CordovaHttpPlugin.m */ = {isa = PBXFileReference; name = "CordovaHttpPlugin.m"; path = "cordova-plugin-advanced-http/CordovaHttpPlugin.m"; sourceTree = "<group>"; fileEncoding = 4; lastKnownFileType = sourcecode.c.objc; explicitFileType = undefined; includeInIndex = 0; };
		D13667867AD84EF5BC965E42 /* BinaryResponseSerializer.m */ = {isa = PBXFileReference; name = "BinaryResponseSerializer.m"; path = "cordova-plugin-advanced-http/BinaryResponseSerializer.m"; sourceTree = "<group>"; fileEncoding = 4; lastKnownFileType = sourcecode.c.objc; explicitFileType = undefined; includeInIndex = 0; };
		57FC83A1A47846DC9F90DD21 /* TextResponseSerializer.m */ = {isa = PBXFileReference; name = "TextResponseSerializer.m"; path = "cordova-plugin-advanced-http/TextResponseSerializer.m"; sourceTree = "<group>"; fileEncoding = 4; lastKnownFileType = sourcecode.c.objc; explicitFileType = undefined; includeInIndex = 0; };
		FF7AD367706C4751BC55A84E /* TextRequestSerializer.m */ = {isa = PBXFileReference; name = "TextRequestSerializer.m"; path = "cordova-plugin-advanced-http/TextRequestSerializer.m"; sourceTree = "<group>"; fileEncoding = 4; lastKnownFileType = sourcecode.c.objc; explicitFileType = undefined; includeInIndex = 0; };
		A55910D00D0C4EDD9970F75B /* AFHTTPSessionManager.m */ = {isa = PBXFileReference; name = "AFHTTPSessionManager.m"; path = "cordova-plugin-advanced-http/AFHTTPSessionManager.m"; sourceTree = "<group>"; fileEncoding = 4; lastKnownFileType = sourcecode.c.objc; explicitFileType = undefined; includeInIndex = 0; };
		A2F65FE77B204D7C940F69FE /* AFNetworkReachabilityManager.m */ = {isa = PBXFileReference; name = "AFNetworkReachabilityManager.m"; path = "cordova-plugin-advanced-http/AFNetworkReachabilityManager.m"; sourceTree = "<group>"; fileEncoding = 4; lastKnownFileType = sourcecode.c.objc; explicitFileType = undefined; includeInIndex = 0; };
		AF98F91CFD414837AC86FF27 /* AFSecurityPolicy.m */ = {isa = PBXFileReference; name = "AFSecurityPolicy.m"; path = "cordova-plugin-advanced-http/AFSecurityPolicy.m"; sourceTree = "<group>"; fileEncoding = 4; lastKnownFileType = sourcecode.c.objc; explicitFileType = undefined; includeInIndex = 0; };
		110700062FCE4C25A65D3BA1 /* AFURLRequestSerialization.m */ = {isa = PBXFileReference; name = "AFURLRequestSerialization.m"; path = "cordova-plugin-advanced-http/AFURLRequestSerialization.m"; sourceTree = "<group>"; fileEncoding = 4; lastKnownFileType = sourcecode.c.objc; explicitFileType = undefined; includeInIndex = 0; };
		741EDCD3A0314B9098D95ADD /* AFURLResponseSerialization.m */ = {isa = PBXFileReference; name = "AFURLResponseSerialization.m"; path = "cordova-plugin-advanced-http/AFURLResponseSerialization.m"; sourceTree = "<group>"; fileEncoding = 4; lastKnownFileType = sourcecode.c.objc; explicitFileType = undefined; includeInIndex = 0; };
		11C80FE5109F4F5D9667F15D /* AFURLSessionManager.m */ = {isa = PBXFileReference; name = "AFURLSessionManager.m"; path = "cordova-plugin-advanced-http/AFURLSessionManager.m"; sourceTree = "<group>"; fileEncoding = 4; lastKnownFileType = sourcecode.c.objc; explicitFileType = undefined; includeInIndex = 0; };
		6FBFF41E40FB40A38E4DF58B /* SDNetworkActivityIndicator.m */ = {isa = PBXFileReference; name = "SDNetworkActivityIndicator.m"; path = "cordova-plugin-advanced-http/SDNetworkActivityIndicator.m"; sourceTree = "<group>"; fileEncoding = 4; lastKnownFileType = sourcecode.c.objc; explicitFileType = undefined; includeInIndex = 0; };
		CBFC2BBA81D945528A8CC915 /* CordovaHttpPlugin.h */ = {isa = PBXFileReference; name = "CordovaHttpPlugin.h"; path = "cordova-plugin-advanced-http/CordovaHttpPlugin.h"; sourceTree = "<group>"; fileEncoding = 4; lastKnownFileType = sourcecode.c.h; explicitFileType = undefined; includeInIndex = 0; };
		8F4944522A4B4514A906824F /* BinaryResponseSerializer.h */ = {isa = PBXFileReference; name = "BinaryResponseSerializer.h"; path = "cordova-plugin-advanced-http/BinaryResponseSerializer.h"; sourceTree = "<group>"; fileEncoding = 4; lastKnownFileType = sourcecode.c.h; explicitFileType = undefined; includeInIndex = 0; };
		B28F660A3EC74D51A267DF0A /* TextResponseSerializer.h */ = {isa = PBXFileReference; name = "TextResponseSerializer.h"; path = "cordova-plugin-advanced-http/TextResponseSerializer.h"; sourceTree = "<group>"; fileEncoding = 4; lastKnownFileType = sourcecode.c.h; explicitFileType = undefined; includeInIndex = 0; };
		0ADD0E39E79D426B8F5E3E8A /* TextRequestSerializer.h */ = {isa = PBXFileReference; name = "TextRequestSerializer.h"; path = "cordova-plugin-advanced-http/TextRequestSerializer.h"; sourceTree = "<group>"; fileEncoding = 4; lastKnownFileType = sourcecode.c.h; explicitFileType = undefined; includeInIndex = 0; };
		91ABE780528B44AE92075340 /* AFHTTPSessionManager.h */ = {isa = PBXFileReference; name = "AFHTTPSessionManager.h"; path = "cordova-plugin-advanced-http/AFHTTPSessionManager.h"; sourceTree = "<group>"; fileEncoding = 4; lastKnownFileType = sourcecode.c.h; explicitFileType = undefined; includeInIndex = 0; };
		0A17FEFAC1CF4BB9A994853A /* AFNetworking.h */ = {isa = PBXFileReference; name = "AFNetworking.h"; path = "cordova-plugin-advanced-http/AFNetworking.h"; sourceTree = "<group>"; fileEncoding = 4; lastKnownFileType = sourcecode.c.h; explicitFileType = undefined; includeInIndex = 0; };
		62F7036FA5BD4479B894F59A /* AFNetworkReachabilityManager.h */ = {isa = PBXFileReference; name = "AFNetworkReachabilityManager.h"; path = "cordova-plugin-advanced-http/AFNetworkReachabilityManager.h"; sourceTree = "<group>"; fileEncoding = 4; lastKnownFileType = sourcecode.c.h; explicitFileType = undefined; includeInIndex = 0; };
		B8B8D917A60245C88A5257DC /* AFSecurityPolicy.h */ = {isa = PBXFileReference; name = "AFSecurityPolicy.h"; path = "cordova-plugin-advanced-http/AFSecurityPolicy.h"; sourceTree = "<group>"; fileEncoding = 4; lastKnownFileType = sourcecode.c.h; explicitFileType = undefined; includeInIndex = 0; };
		B11F03C553774C92BBD70B53 /* AFURLRequestSerialization.h */ = {isa = PBXFileReference; name = "AFURLRequestSerialization.h"; path = "cordova-plugin-advanced-http/AFURLRequestSerialization.h"; sourceTree = "<group>"; fileEncoding = 4; lastKnownFileType = sourcecode.c.h; explicitFileType = undefined; includeInIndex = 0; };
		90C9F4FF496F418497289F69 /* AFURLResponseSerialization.h */ = {isa = PBXFileReference; name = "AFURLResponseSerialization.h"; path = "cordova-plugin-advanced-http/AFURLResponseSerialization.h"; sourceTree = "<group>"; fileEncoding = 4; lastKnownFileType = sourcecode.c.h; explicitFileType = undefined; includeInIndex = 0; };
		9B3A265E10C44B66845ACE89 /* AFURLSessionManager.h */ = {isa = PBXFileReference; name = "AFURLSessionManager.h"; path = "cordova-plugin-advanced-http/AFURLSessionManager.h"; sourceTree = "<group>"; fileEncoding = 4; lastKnownFileType = sourcecode.c.h; explicitFileType = undefined; includeInIndex = 0; };
		24030EF419F94694B594B471 /* SDNetworkActivityIndicator.h */ = {isa = PBXFileReference; name = "SDNetworkActivityIndicator.h"; path = "cordova-plugin-advanced-http/SDNetworkActivityIndicator.h"; sourceTree = "<group>"; fileEncoding = 4; lastKnownFileType = sourcecode.c.h; explicitFileType = undefined; includeInIndex = 0; };
		1642269B81734691BA9A7BCE /* Security.framework */ = {isa = PBXFileReference; name = "Security.framework"; path = "System/Library/Frameworks/Security.framework"; sourceTree = SDKROOT; fileEncoding = undefined; lastKnownFileType = wrapper.framework; explicitFileType = undefined; includeInIndex = 0; };
		2F6C2A6A6D7247B188C75B98 /* SystemConfiguration.framework */ = {isa = PBXFileReference; name = "SystemConfiguration.framework"; path = "System/Library/Frameworks/SystemConfiguration.framework"; sourceTree = SDKROOT; fileEncoding = undefined; lastKnownFileType = wrapper.framework; explicitFileType = undefined; includeInIndex = 0; };
/* End PBXFileReference section */

/* Begin PBXFrameworksBuildPhase section */
		1D60588F0D05DD3D006BFB54 /* Frameworks */ = {
			isa = PBXFrameworksBuildPhase;
			buildActionMask = 2147483647;
			files = (
				301BF552109A68D80062928A /* libCordova.a in Frameworks */,
				80FA23E4594A45A98A1F075D /* WebKit.framework in Frameworks */,
				1946D440F80C4023A15BC3A9 /* libz.tbd in Frameworks */,
				F7A470B598B84A6EA4A0EB6D /* Security.framework in Frameworks */,
				92F0EE19B592412D9DBAAB18 /* SystemConfiguration.framework in Frameworks */,
			);
			runOnlyForDeploymentPostprocessing = 0;
		};
/* End PBXFrameworksBuildPhase section */

/* Begin PBXGroup section */
		080E96DDFE201D6D7F000001 /* Classes */ = {
			isa = PBXGroup;
			children = (
				302D95EE14D2391D003F00A1 /* MainViewController.h */,
				302D95EF14D2391D003F00A1 /* MainViewController.m */,
				302D95F014D2391D003F00A1 /* MainViewController.xib */,
				1D3623240D0F684500981E51 /* AppDelegate.h */,
				1D3623250D0F684500981E51 /* AppDelegate.m */,
			);
			name = Classes;
			path = "Ionic 4 Start Theme/Classes";
			sourceTree = SOURCE_ROOT;
		};
		19C28FACFE9D520D11CA2CBB /* Products */ = {
			isa = PBXGroup;
			children = (
				1D6058910D05DD3D006BFB54 /* Ionic 4 Start Theme.app */,
			);
			name = Products;
			sourceTree = "<group>";
		};
		29B97314FDCFA39411CA2CEA /* CustomTemplate */ = {
			isa = PBXGroup;
			children = (
				EB87FDF41871DAF40020F90C /* config.xml */,
				EB87FDF31871DA8E0020F90C /* www */,
				EB87FDF11871DA420020F90C /* Staging */,
				301BF52D109A57CC0062928A /* CordovaLib.xcodeproj */,
				080E96DDFE201D6D7F000001 /* Classes */,
				307C750510C5A3420062BCA9 /* Plugins */,
				29B97315FDCFA39411CA2CEA /* Other Sources */,
				29B97317FDCFA39411CA2CEA /* Resources */,
				29B97323FDCFA39411CA2CEA /* Frameworks */,
				19C28FACFE9D520D11CA2CBB /* Products */,
			);
			name = CustomTemplate;
			sourceTree = "<group>";
		};
		29B97315FDCFA39411CA2CEA /* Other Sources */ = {
			isa = PBXGroup;
			children = (
				32CA4F630368D1EE00C91783 /* Ionic 4 Start Theme-Prefix.pch */,
				29B97316FDCFA39411CA2CEA /* main.m */,
				ED33DF2A687741AEAF9F8254 /* Bridging-Header.h */,
			);
			name = "Other Sources";
			path = "Ionic 4 Start Theme";
			sourceTree = "<group>";
		};
		29B97317FDCFA39411CA2CEA /* Resources */ = {
			isa = PBXGroup;
			children = (
				0207DA571B56EA530066E2B4 /* Images.xcassets */,
				3047A50E1AB8057F00498E2A /* config */,
				8D1107310486CEB800E47090 /* Ionic 4 Start Theme-Info.plist */,
				6AFF5BF81D6E424B00AB3073 /* CDVLaunchScreen.storyboard */,
			);
			name = Resources;
			path = "Ionic 4 Start Theme/Resources";
			sourceTree = "<group>";
		};
		29B97323FDCFA39411CA2CEA /* Frameworks */ = {
			isa = PBXGroup;
			children = (
				116DB2B89D3142BEB61E4EB9 /* WebKit.framework */,
				BD2C5A8B41F2414E8C09FE6E /* libz.tbd */,
				1642269B81734691BA9A7BCE /* Security.framework */,
				2F6C2A6A6D7247B188C75B98 /* SystemConfiguration.framework */,
			);
			name = Frameworks;
			sourceTree = "<group>";
		};
		301BF52E109A57CC0062928A /* Products */ = {
			isa = PBXGroup;
			children = (
				301BF535109A57CC0062928A /* libCordova.a */,
			);
			name = Products;
			sourceTree = "<group>";
		};
		3047A50E1AB8057F00498E2A /* config */ = {
			isa = PBXGroup;
			children = (
				3047A50F1AB8059700498E2A /* build-debug.xcconfig */,
				3047A5101AB8059700498E2A /* build-release.xcconfig */,
				3047A5111AB8059700498E2A /* build.xcconfig */,
			);
			name = config;
			sourceTree = "<group>";
		};
		307C750510C5A3420062BCA9 /* Plugins */ = {
			isa = PBXGroup;
			children = (
				DB3DEEB56D5D4C5F9591F680 /* CDVStatusBar.m */,
				9BEC03DE450B497BBE3930FC /* CDVStatusBar.h */,
				23E43ACA1E5C4F6BAC7EE2AC /* CDVDevice.m */,
				6C8C3CB152AC443DA5004F6F /* CDVDevice.h */,
				9E5766184FEE4611837CD868 /* CDVSplashScreen.m */,
				8C89345714CD42F9AED621AA /* CDVViewController+SplashScreen.m */,
				B5B2E183A2C54E80837ABB8D /* CDVSplashScreen.h */,
				33C63E2154874862AA07922E /* CDVViewController+SplashScreen.h */,
				EC2476BC18EC43E29A3A9BA5 /* CDVWKWebViewEngine.m */,
				E4DCFE8892A748F89469279C /* CDVWKWebViewUIDelegate.m */,
				C06D392CBAF942D1918F60C5 /* CDVWKProcessPoolFactory.m */,
				A9BD3D2313144BDF92C46713 /* IONAssetHandler.m */,
				470BC294D24E4F9FAF5270CF /* GCDWebServer.m */,
				71DACA18DE124E288B6D595C /* GCDWebServerConnection.m */,
				01AE0E6F7C2A45959221591A /* GCDWebServerFunctions.m */,
				3C4ED0BEFDB347078EEED90C /* GCDWebServerRequest.m */,
				9AB114B940EA44779B549988 /* GCDWebServerResponse.m */,
				2EB93148F9C74D5684B47DED /* GCDWebServerDataRequest.m */,
				5547005AF1FD424281C9A399 /* GCDWebServerFileRequest.m */,
				A394F5807B344A439E69A577 /* GCDWebServerMultiPartFormRequest.m */,
				CF7CB9106AFA474A979C2BC0 /* GCDWebServerURLEncodedFormRequest.m */,
				3A64FA6A21424B599A5D8EEA /* GCDWebServerDataResponse.m */,
				689BE52381DD46198F902D70 /* GCDWebServerErrorResponse.m */,
				4013683BB837413480CF6884 /* GCDWebServerFileResponse.m */,
				1CA4B0BCF932497C972843FA /* GCDWebServerStreamedResponse.m */,
				1C09CCCBB6F2458498999EAE /* CDVWKWebViewEngine.h */,
				507A248A82A143E5952387F1 /* CDVWKWebViewUIDelegate.h */,
				BC1A808A792445FAA23E813A /* CDVWKProcessPoolFactory.h */,
				A48E52457301475FA5AE5B18 /* IONAssetHandler.h */,
				91FC05555BD049F6A1A1C63D /* GCDWebServer.h */,
				FD1CAE5EDF734A98B743BD0C /* GCDWebServerConnection.h */,
				EBF0DB479C9E4BA4979F207A /* GCDWebServerFunctions.h */,
				E1B1C55B43B6493094EA5D3B /* GCDWebServerHTTPStatusCodes.h */,
				688351152A1440D8949923DF /* GCDWebServerPrivate.h */,
				E39004604C03458F90B2C552 /* GCDWebServerRequest.h */,
				B1435D6B58344621BF22F40A /* GCDWebServerResponse.h */,
				D81F7E2144334947A8CC42F4 /* GCDWebServerDataRequest.h */,
				A3ECBDDC5B7944C78DD471FF /* GCDWebServerFileRequest.h */,
				96B8BFC649C44D188ECCF62F /* GCDWebServerMultiPartFormRequest.h */,
				FF9BFB3B07D44DF3A5EA629F /* GCDWebServerURLEncodedFormRequest.h */,
				9ED7A334C9294CD4944A352B /* GCDWebServerDataResponse.h */,
				14F8ADBEB964495A82241606 /* GCDWebServerErrorResponse.h */,
				978B50B571B345539390989D /* GCDWebServerFileResponse.h */,
				49729E9A4AD040CFB1C88B98 /* GCDWebServerStreamedResponse.h */,
				0F8AE06709B148C5879894F4 /* CDVIonicKeyboard.m */,
				65BC01CFABAB4F14AC1C9055 /* CDVIonicKeyboard.h */,
				3C157B82E76246A896CC2386 /* CDVFile.m */,
				9DAFFB9D9F504E47B092587B /* CDVLocalFilesystem.m */,
				FBEB7E31BD3745AE93759029 /* CDVAssetLibraryFilesystem.m */,
				A88C950CCFCF4AE98C99883F /* CDVFile.h */,
				FB42526E5C914D3188C5FCC7 /* CDVLocalFilesystem.h */,
				E634BB8E3B304E269F382802 /* CDVAssetLibraryFilesystem.h */,
				D39EFF2EECD7498393C65DA9 /* CordovaHttpPlugin.m */,
				D13667867AD84EF5BC965E42 /* BinaryResponseSerializer.m */,
				57FC83A1A47846DC9F90DD21 /* TextResponseSerializer.m */,
				FF7AD367706C4751BC55A84E /* TextRequestSerializer.m */,
				A55910D00D0C4EDD9970F75B /* AFHTTPSessionManager.m */,
				A2F65FE77B204D7C940F69FE /* AFNetworkReachabilityManager.m */,
				AF98F91CFD414837AC86FF27 /* AFSecurityPolicy.m */,
				110700062FCE4C25A65D3BA1 /* AFURLRequestSerialization.m */,
				741EDCD3A0314B9098D95ADD /* AFURLResponseSerialization.m */,
				11C80FE5109F4F5D9667F15D /* AFURLSessionManager.m */,
				6FBFF41E40FB40A38E4DF58B /* SDNetworkActivityIndicator.m */,
				CBFC2BBA81D945528A8CC915 /* CordovaHttpPlugin.h */,
				8F4944522A4B4514A906824F /* BinaryResponseSerializer.h */,
				B28F660A3EC74D51A267DF0A /* TextResponseSerializer.h */,
				0ADD0E39E79D426B8F5E3E8A /* TextRequestSerializer.h */,
				91ABE780528B44AE92075340 /* AFHTTPSessionManager.h */,
				0A17FEFAC1CF4BB9A994853A /* AFNetworking.h */,
				62F7036FA5BD4479B894F59A /* AFNetworkReachabilityManager.h */,
				B8B8D917A60245C88A5257DC /* AFSecurityPolicy.h */,
				B11F03C553774C92BBD70B53 /* AFURLRequestSerialization.h */,
				90C9F4FF496F418497289F69 /* AFURLResponseSerialization.h */,
				9B3A265E10C44B66845ACE89 /* AFURLSessionManager.h */,
				24030EF419F94694B594B471 /* SDNetworkActivityIndicator.h */,
			);
			name = Plugins;
			path = "Ionic 4 Start Theme/Plugins";
			sourceTree = SOURCE_ROOT;
		};
		EB87FDF11871DA420020F90C /* Staging */ = {
			isa = PBXGroup;
			children = (
				F840E1F0165FE0F500CFE078 /* config.xml */,
				301BF56E109A69640062928A /* www */,
			);
			name = Staging;
			sourceTree = "<group>";
		};
/* End PBXGroup section */

/* Begin PBXNativeTarget section */
		1D6058900D05DD3D006BFB54 /* Ionic 4 Start Theme */ = {
			isa = PBXNativeTarget;
			buildConfigurationList = 1D6058960D05DD3E006BFB54 /* Build configuration list for PBXNativeTarget "Ionic 4 Start Theme" */;
			buildPhases = (
				304B58A110DAC018002A0835 /* Copy www directory */,
				1D60588D0D05DD3D006BFB54 /* Resources */,
				1D60588E0D05DD3D006BFB54 /* Sources */,
				1D60588F0D05DD3D006BFB54 /* Frameworks */,
			);
			buildRules = (
			);
			dependencies = (
				301BF551109A68C00062928A /* PBXTargetDependency */,
			);
			name = "Ionic 4 Start Theme";
			productName = "Ionic 4 Start Theme";
			productReference = 1D6058910D05DD3D006BFB54 /* Ionic 4 Start Theme.app */;
			productType = "com.apple.product-type.application";
		};
/* End PBXNativeTarget section */

/* Begin PBXProject section */
		29B97313FDCFA39411CA2CEA /* Project object */ = {
			isa = PBXProject;
			attributes = {
				LastUpgradeCheck = 510;
			};
			buildConfigurationList = C01FCF4E08A954540054247B /* Build configuration list for PBXProject "__NON-CLI__" */;
			compatibilityVersion = "Xcode 3.2";
			developmentRegion = English;
			hasScannedForEncodings = 1;
			mainGroup = 29B97314FDCFA39411CA2CEA /* CustomTemplate */;
			projectDirPath = "";
			projectReferences = (
				{
					ProductGroup = 301BF52E109A57CC0062928A /* Products */;
					ProjectRef = 301BF52D109A57CC0062928A /* CordovaLib.xcodeproj */;
				},
			);
			projectRoot = "";
			targets = (
				1D6058900D05DD3D006BFB54 /* Ionic 4 Start Theme */,
			);
		};
/* End PBXProject section */

/* Begin PBXReferenceProxy section */
		301BF535109A57CC0062928A /* libCordova.a */ = {
			isa = PBXReferenceProxy;
			fileType = archive.ar;
			path = libCordova.a;
			remoteRef = 301BF534109A57CC0062928A /* PBXContainerItemProxy */;
			sourceTree = BUILT_PRODUCTS_DIR;
		};
/* End PBXReferenceProxy section */

/* Begin PBXResourcesBuildPhase section */
		1D60588D0D05DD3D006BFB54 /* Resources */ = {
			isa = PBXResourcesBuildPhase;
			buildActionMask = 2147483647;
			files = (
				302D95F214D2391D003F00A1 /* MainViewController.xib in Resources */,
				0207DA581B56EA530066E2B4 /* Images.xcassets in Resources */,
				6AFF5BF91D6E424B00AB3073 /* CDVLaunchScreen.storyboard in Resources */,
			);
			runOnlyForDeploymentPostprocessing = 0;
		};
/* End PBXResourcesBuildPhase section */

/* Begin PBXShellScriptBuildPhase section */
		304B58A110DAC018002A0835 /* Copy www directory */ = {
			isa = PBXShellScriptBuildPhase;
			buildActionMask = 2147483647;
			files = (
			);
			inputPaths = (
			);
			name = "Copy www directory";
			outputPaths = (
			);
			runOnlyForDeploymentPostprocessing = 0;
			shellPath = /bin/sh;
			shellScript = "NODEJS_PATH=/usr/local/bin; NVM_NODE_PATH=~/.nvm/versions/node/`nvm version 2>/dev/null`/bin; N_NODE_PATH=`find /usr/local/n/versions/node/* -maxdepth 0 -type d 2>/dev/null | tail -1`/bin; XCODE_NODE_PATH=`xcode-select --print-path`/usr/share/xcs/Node/bin; PATH=$NODEJS_PATH:$NVM_NODE_PATH:$N_NODE_PATH:$XCODE_NODE_PATH:$PATH && node cordova/lib/copy-www-build-step.js";
			showEnvVarsInLog = 0;
		};
/* End PBXShellScriptBuildPhase section */

/* Begin PBXSourcesBuildPhase section */
		1D60588E0D05DD3D006BFB54 /* Sources */ = {
			isa = PBXSourcesBuildPhase;
			buildActionMask = 2147483647;
			files = (
				1D60589B0D05DD56006BFB54 /* main.m in Sources */,
				1D3623260D0F684500981E51 /* AppDelegate.m in Sources */,
				302D95F114D2391D003F00A1 /* MainViewController.m in Sources */,
				843F67CE4A5846CF9A82D4FA /* CDVStatusBar.m in Sources */,
				9C2FFC982ABF44288285A68E /* CDVDevice.m in Sources */,
				3E2ADD8DD93247F9BBF0812C /* CDVSplashScreen.m in Sources */,
				4D3A5117F3414AABAA89A357 /* CDVViewController+SplashScreen.m in Sources */,
				BF05CDEE0E0A42F79D25ABDD /* CDVWKWebViewEngine.m in Sources */,
				1EBF95C2852243B6A9D0C36A /* CDVWKWebViewUIDelegate.m in Sources */,
				4FB9678E8ED447D4BF356994 /* CDVWKProcessPoolFactory.m in Sources */,
				3A4CCC56A7D7485899404ADE /* IONAssetHandler.m in Sources */,
				4C304760D8A24EE1B678B57F /* GCDWebServer.m in Sources */,
				68FF88EB09A44D50897F9133 /* GCDWebServerConnection.m in Sources */,
				B1DA33DF6BFA40C7AA55BF03 /* GCDWebServerFunctions.m in Sources */,
				69D2898B63FD44078181EE6F /* GCDWebServerRequest.m in Sources */,
				1288078F9FD74E73AB3BCA22 /* GCDWebServerResponse.m in Sources */,
				08DEBABFBEC041EA9433E85A /* GCDWebServerDataRequest.m in Sources */,
				C02E0B111A90452797808D99 /* GCDWebServerFileRequest.m in Sources */,
				A94AEAD5D0E44E20B47A22F8 /* GCDWebServerMultiPartFormRequest.m in Sources */,
				261011673E8F41DA802B5C45 /* GCDWebServerURLEncodedFormRequest.m in Sources */,
				4C300FE36A5E47C9ABE74650 /* GCDWebServerDataResponse.m in Sources */,
				84604B9FF90548B7823B0C98 /* GCDWebServerErrorResponse.m in Sources */,
				505EDEBD081642019DE9B4E1 /* GCDWebServerFileResponse.m in Sources */,
				1709F270A7C948ED8B4C4950 /* GCDWebServerStreamedResponse.m in Sources */,
				531DBA6C03AA427F86512D50 /* CDVIonicKeyboard.m in Sources */,
				4EADD04A40D94E72BCE68F7E /* CDVFile.m in Sources */,
				CBB4D979E6B74C9B81E5C11B /* CDVLocalFilesystem.m in Sources */,
				1176F02DF1A647D2A9EE8E04 /* CDVAssetLibraryFilesystem.m in Sources */,
				9974374F32BC4B20BC1649FE /* CordovaHttpPlugin.m in Sources */,
				1E872D9161BA4660AFAFCBA3 /* BinaryResponseSerializer.m in Sources */,
				4487481EA7224A0696501B19 /* TextResponseSerializer.m in Sources */,
				EA9D00F3051E4E648687E870 /* TextRequestSerializer.m in Sources */,
				A6D53462C641417F8506DB64 /* AFHTTPSessionManager.m in Sources */,
				0AFEAD2A9F6A47C784001D8E /* AFNetworkReachabilityManager.m in Sources */,
				2ABD8E1B387940B39C472F56 /* AFSecurityPolicy.m in Sources */,
				7FACDE760B1B46A5AE3388D0 /* AFURLRequestSerialization.m in Sources */,
				2618E09381754EAEB579F061 /* AFURLResponseSerialization.m in Sources */,
				861B51C841E940AB94ED5858 /* AFURLSessionManager.m in Sources */,
				0CA4450624BA48B2A201E4BA /* SDNetworkActivityIndicator.m in Sources */,
			);
			runOnlyForDeploymentPostprocessing = 0;
		};
/* End PBXSourcesBuildPhase section */

/* Begin PBXTargetDependency section */
		301BF551109A68C00062928A /* PBXTargetDependency */ = {
			isa = PBXTargetDependency;
			name = CordovaLib;
			targetProxy = 301BF550109A68C00062928A /* PBXContainerItemProxy */;
		};
/* End PBXTargetDependency section */

/* Begin XCBuildConfiguration section */
		1D6058940D05DD3E006BFB54 /* Debug */ = {
			isa = XCBuildConfiguration;
			baseConfigurationReference = 3047A50F1AB8059700498E2A /* build-debug.xcconfig */;
			buildSettings = {
				ALWAYS_SEARCH_USER_PATHS = NO;
				ASSETCATALOG_COMPILER_APPICON_NAME = AppIcon;
				ASSETCATALOG_COMPILER_LAUNCHIMAGE_NAME = LaunchImage;
				CLANG_ENABLE_MODULES = YES;
				CLANG_ENABLE_OBJC_ARC = YES;
				COPY_PHASE_STRIP = NO;
				GCC_DYNAMIC_NO_PIC = NO;
				GCC_OPTIMIZATION_LEVEL = 0;
				GCC_PRECOMPILE_PREFIX_HEADER = YES;
				GCC_PREFIX_HEADER = "Ionic 4 Start Theme/Ionic 4 Start Theme-Prefix.pch";
				GCC_THUMB_SUPPORT = NO;
				GCC_VERSION = "";
				INFOPLIST_FILE = "Ionic 4 Start Theme/Ionic 4 Start Theme-Info.plist";
				IPHONEOS_DEPLOYMENT_TARGET = 9.0;
				LD_RUNPATH_SEARCH_PATHS = "@executable_path/Frameworks";
				TARGETED_DEVICE_FAMILY = "1,2";
				PRODUCT_NAME = "Ionic 4 Start Theme";
			};
			name = Debug;
		};
		1D6058950D05DD3E006BFB54 /* Release */ = {
			isa = XCBuildConfiguration;
			baseConfigurationReference = 3047A5101AB8059700498E2A /* build-release.xcconfig */;
			buildSettings = {
				ALWAYS_SEARCH_USER_PATHS = NO;
				ASSETCATALOG_COMPILER_APPICON_NAME = AppIcon;
				ASSETCATALOG_COMPILER_LAUNCHIMAGE_NAME = LaunchImage;
				CLANG_ENABLE_MODULES = YES;
				CLANG_ENABLE_OBJC_ARC = YES;
				COPY_PHASE_STRIP = YES;
				GCC_PRECOMPILE_PREFIX_HEADER = YES;
				GCC_PREFIX_HEADER = "Ionic 4 Start Theme/Ionic 4 Start Theme-Prefix.pch";
				GCC_THUMB_SUPPORT = NO;
				GCC_VERSION = "";
				INFOPLIST_FILE = "Ionic 4 Start Theme/Ionic 4 Start Theme-Info.plist";
				IPHONEOS_DEPLOYMENT_TARGET = 9.0;
				LD_RUNPATH_SEARCH_PATHS = "@executable_path/Frameworks";
				TARGETED_DEVICE_FAMILY = "1,2";
				PRODUCT_NAME = "Ionic 4 Start Theme";
			};
			name = Release;
		};
		C01FCF4F08A954540054247B /* Debug */ = {
			isa = XCBuildConfiguration;
			baseConfigurationReference = 3047A5111AB8059700498E2A /* build.xcconfig */;
			buildSettings = {
				CLANG_ENABLE_MODULES = YES;
				CLANG_ENABLE_OBJC_ARC = YES;
				CLANG_WARN_BOOL_CONVERSION = YES;
				CLANG_WARN_CONSTANT_CONVERSION = YES;
				CLANG_WARN_EMPTY_BODY = YES;
				CLANG_WARN_ENUM_CONVERSION = YES;
				CLANG_WARN_INT_CONVERSION = YES;
				CLANG_WARN__DUPLICATE_METHOD_MATCH = YES;
				GCC_C_LANGUAGE_STANDARD = c99;
				GCC_THUMB_SUPPORT = NO;
				GCC_VERSION = "";
				GCC_WARN_ABOUT_RETURN_TYPE = YES;
				GCC_WARN_UNDECLARED_SELECTOR = YES;
				GCC_WARN_UNINITIALIZED_AUTOS = YES;
				GCC_WARN_UNUSED_FUNCTION = YES;
				GCC_WARN_UNUSED_VARIABLE = YES;
				ONLY_ACTIVE_ARCH = YES;
				SDKROOT = iphoneos;
				SKIP_INSTALL = NO;
			};
			name = Debug;
		};
		C01FCF5008A954540054247B /* Release */ = {
			isa = XCBuildConfiguration;
			baseConfigurationReference = 3047A5111AB8059700498E2A /* build.xcconfig */;
			buildSettings = {
				CLANG_ENABLE_MODULES = YES;
				CLANG_ENABLE_OBJC_ARC = YES;
				CLANG_WARN_BOOL_CONVERSION = YES;
				CLANG_WARN_CONSTANT_CONVERSION = YES;
				CLANG_WARN_EMPTY_BODY = YES;
				CLANG_WARN_ENUM_CONVERSION = YES;
				CLANG_WARN_INT_CONVERSION = YES;
				CLANG_WARN__DUPLICATE_METHOD_MATCH = YES;
				GCC_C_LANGUAGE_STANDARD = c99;
				GCC_THUMB_SUPPORT = NO;
				GCC_VERSION = "";
				GCC_WARN_ABOUT_RETURN_TYPE = YES;
				GCC_WARN_UNDECLARED_SELECTOR = YES;
				GCC_WARN_UNINITIALIZED_AUTOS = YES;
				GCC_WARN_UNUSED_FUNCTION = YES;
				GCC_WARN_UNUSED_VARIABLE = YES;
				SDKROOT = iphoneos;
				SKIP_INSTALL = NO;
			};
			name = Release;
		};
/* End XCBuildConfiguration section */

/* Begin XCConfigurationList section */
		1D6058960D05DD3E006BFB54 /* Build configuration list for PBXNativeTarget "Ionic 4 Start Theme" */ = {
			isa = XCConfigurationList;
			buildConfigurations = (
				1D6058940D05DD3E006BFB54 /* Debug */,
				1D6058950D05DD3E006BFB54 /* Release */,
			);
			defaultConfigurationIsVisible = 0;
			defaultConfigurationName = Release;
		};
		C01FCF4E08A954540054247B /* Build configuration list for PBXProject "__NON-CLI__" */ = {
			isa = XCConfigurationList;
			buildConfigurations = (
				C01FCF4F08A954540054247B /* Debug */,
				C01FCF5008A954540054247B /* Release */,
			);
			defaultConfigurationIsVisible = 0;
			defaultConfigurationName = Release;
		};
/* End XCConfigurationList section */
	};
	rootObject = 29B97313FDCFA39411CA2CEA /* Project object */;
}
